
Microsoft Visual Studio Solution File, Format Version 12.00
# Visual Studio Version 16
VisualStudioVersion = 16.0.29806.167
MinimumVisualStudioVersion = 10.0.40219.1
Project("{FAE04EC0-301F-11D3-BF4B-00C04F79EFBC}") = "AmiiboGameList", "AmiiboGameList.csproj", "{EA467971-E0AB-45C6-8B39-C06D2EDF20D3}"
EndProject
Global
	GlobalSection(SolutionConfigurationPlatforms) = preSolution
		Debug|Any CPU = Debug|Any CPU
		Release|Any CPU = Release|Any CPU
	EndGlobalSection
	GlobalSection(ProjectConfigurationPlatforms) = postSolution
		{EA467971-E0AB-45C6-8B39-C06D2EDF20D3}.Debug|Any CPU.ActiveCfg = Debug|Any CPU
		{EA467971-E0AB-45C6-8B39-C06D2EDF20D3}.Debug|Any CPU.Build.0 = Debug|Any CPU
		{EA467971-E0AB-45C6-8B39-C06D2EDF20D3}.Release|Any CPU.ActiveCfg = Release|Any CPU
		{EA467971-E0AB-45C6-8B39-C06D2EDF20D3}.Release|Any CPU.Build.0 = Release|Any CPU
	EndGlobalSection
	GlobalSection(SolutionProperties) = preSolution
		HideSolutionNode = FALSE
	EndGlobalSection
	GlobalSection(ExtensibilityGlobals) = postSolution
		SolutionGuid = {18B3FD1A-D7FA-4FE4-9260-9F80E4A72D4F}
	EndGlobalSection
EndGlobal
